
Microsoft Visual Studio Solution File, Format Version 12.00
# Visual Studio Version 17
VisualStudioVersion = 17.0.32112.339
MinimumVisualStudioVersion = 10.0.40219.1
Project("{8BC9CEB8-8B4A-11D0-8D11-00A0C91BC942}") = "ukol2103", "ukol2103\ukol2103.vcxproj", "{AFAF9A4B-17A0-4395-BB18-42AA0BEF8AB3}"
EndProject
Global
	GlobalSection(SolutionConfigurationPlatforms) = preSolution
		Debug|x64 = Debug|x64
		Debug|x86 = Debug|x86
		Release|x64 = Release|x64
		Release|x86 = Release|x86
	EndGlobalSection
	GlobalSection(ProjectConfigurationPlatforms) = postSolution
		{AFAF9A4B-17A0-4395-BB18-42AA0BEF8AB3}.Debug|x64.ActiveCfg = Debug|x64
		{AFAF9A4B-17A0-4395-BB18-42AA0BEF8AB3}.Debug|x64.Build.0 = Debug|x64
		{AFAF9A4B-17A0-4395-BB18-42AA0BEF8AB3}.Debug|x86.ActiveCfg = Debug|Win32
		{AFAF9A4B-17A0-4395-BB18-42AA0BEF8AB3}.Debug|x86.Build.0 = Debug|Win32
		{AFAF9A4B-17A0-4395-BB18-42AA0BEF8AB3}.Release|x64.ActiveCfg = Release|x64
		{AFAF9A4B-17A0-4395-BB18-42AA0BEF8AB3}.Release|x64.Build.0 = Release|x64
		{AFAF9A4B-17A0-4395-BB18-42AA0BEF8AB3}.Release|x86.ActiveCfg = Release|Win32
		{AFAF9A4B-17A0-4395-BB18-42AA0BEF8AB3}.Release|x86.Build.0 = Release|Win32
	EndGlobalSection
	GlobalSection(SolutionProperties) = preSolution
		HideSolutionNode = FALSE
	EndGlobalSection
	GlobalSection(ExtensibilityGlobals) = postSolution
		SolutionGuid = {4886818E-36B1-4FCD-AF82-18A34685F716}
	EndGlobalSection
EndGlobal
